
Microsoft Visual Studio Solution File, Format Version 12.00
# Visual Studio Version 16
VisualStudioVersion = 16.0.30413.136
MinimumVisualStudioVersion = 10.0.40219.1
Project("{9A19103F-16F7-4668-BE54-9A1E7A4F7556}") = "Clansty.tianlang.Q2TG", "Clansty.tianlang.Q2TG\Clansty.tianlang.Q2TG.csproj", "{D3B49BF3-E55A-4E3E-9652-DDCCB11C4653}"
EndProject
Global
	GlobalSection(SolutionConfigurationPlatforms) = preSolution
		Debug|x64 = Debug|x64
		Release|x64 = Release|x64
	EndGlobalSection
	GlobalSection(ProjectConfigurationPlatforms) = postSolution
		{D3B49BF3-E55A-4E3E-9652-DDCCB11C4653}.Debug|x64.ActiveCfg = Debug|x64
		{D3B49BF3-E55A-4E3E-9652-DDCCB11C4653}.Debug|x64.Build.0 = Debug|x64
		{D3B49BF3-E55A-4E3E-9652-DDCCB11C4653}.Release|x64.ActiveCfg = Release|x64
		{D3B49BF3-E55A-4E3E-9652-DDCCB11C4653}.Release|x64.Build.0 = Release|x64
	EndGlobalSection
	GlobalSection(SolutionProperties) = preSolution
		HideSolutionNode = FALSE
	EndGlobalSection
	GlobalSection(ExtensibilityGlobals) = postSolution
		SolutionGuid = {6CB9B43A-F391-44BA-9F85-98D4AF378ACB}
	EndGlobalSection
EndGlobal
